{
  "nodes": {
    "agent-browser": {
      "flake": false,
      "locked": {
        "lastModified": 1784143585,
        "narHash": "sha256-Xmwa6AZ4xKtw/CMfcuNxKnuXy7Z3+JHSIJHagcLnx1A=",
        "owner": "vercel-labs",
        "repo": "agent-browser",
        "rev": "ce68e2c23012c90d5265d49899656c12b971c378",
        "type": "github"
      },
      "original": {
        "owner": "vercel-labs",
        "repo": "agent-browser",
        "type": "github"
      }
    },
    "agent-skills": {
      "inputs": {
        "home-manager": [
          "home-manager"
        ],
        "nixpkgs": [
          "nixpkgs"
        ]
      },
      "locked": {
        "lastModified": 1783839654,
        "narHash": "sha256-rn5DkeQ9PBaJTZl9juBtPnVawyN4B83tyz1VpiinQFo=",
        "owner": "Kyure-A",
        "repo": "agent-skills-nix",
        "rev": "8326df98cf494dc515db99affa9ea9d2bd6666b6",
        "type": "github"
      },
      "original": {
        "owner": "Kyure-A",
        "repo": "agent-skills-nix",
        "type": "github"
      }
    },
    "anthropic-skills": {
      "flake": false,
      "locked": {
        "lastModified": 1782929483,
        "narHash": "sha256-U7Nt1xrFOSOEm4vuWmy4pVsEyvv+Hj4sv8yXOofmwAw=",
        "owner": "anthropics",
        "repo": "skills",
        "rev": "9d2f1ae187231d8199c64b5b762e1bdf2244733d",
        "type": "github"
      },
      "original": {
        "owner": "anthropics",
        "repo": "skills",
        "type": "github"
      }
    },
    "bun2nix": {
      "inputs": {
        "flake-parts": [
          "llm-agents",
          "flake-parts"
        ],
        "nixpkgs": [
          "llm-agents",
          "nixpkgs"
        ],
        "systems": [
          "llm-agents",
          "systems"
        ],
        "treefmt-nix": [
          "llm-agents",
          "treefmt-nix"
        ]
      },
      "locked": {
        "lastModified": 1782772816,
        "narHash": "sha256-s9BuFv0mRuZx9C1MF8qPHRdcAK14ONi0A5m6E2wqOoM=",
        "owner": "nix-community",
        "repo": "bun2nix",
        "rev": "5a39d717029e94163ac223aee8d5c9946cafed1c",
        "type": "github"
      },
      "original": {
        "owner": "nix-community",
        "repo": "bun2nix",
        "type": "github"
      }
    },
    "flake-parts": {
      "inputs": {
        "nixpkgs-lib": [
          "llm-agents",
          "nixpkgs"
        ]
      },
      "locked": {
        "lastModified": 1782949081,
        "narHash": "sha256-vp6Y/Grm98ESt6ceOkWiHWyZRDV3J1RID4w+6NWK9yA=",
        "owner": "hercules-ci",
        "repo": "flake-parts",
        "rev": "17c9d6cdfc60c64f4ee8d306f9bc0b4ccb51481e",
        "type": "github"
      },
      "original": {
        "owner": "hercules-ci",
        "repo": "flake-parts",
        "type": "github"
      }
    },
    "herdr-skill": {
      "flake": false,
      "locked": {
        "lastModified": 1784151142,
        "narHash": "sha256-//8LFjKBVvol3x5zAfErjjjg70Q5evO+kF9gnUu66sw=",
        "owner": "ogulcancelik",
        "repo": "herdr",
        "rev": "a22454f27ce096585e19d1787dba43f56d1505cf",
        "type": "github"
      },
      "original": {
        "owner": "ogulcancelik",
        "repo": "herdr",
        "type": "github"
      }
    },
    "home-manager": {
      "inputs": {
        "nixpkgs": [
          "nixpkgs"
        ]
      },
      "locked": {
        "lastModified": 1782881387,
        "narHash": "sha256-HvlS1KDGXDjd1bNzzPvH1mkDJATlDAfVYfTh//wJBEA=",
        "owner": "nix-community",
        "repo": "home-manager",
        "rev": "d32537981c036473cf6990ae03176a5d84c43b29",
        "type": "github"
      },
      "original": {
        "owner": "nix-community",
        "repo": "home-manager",
        "type": "github"
      }
    },
    "llm-agents": {
      "inputs": {
        "bun2nix": "bun2nix",
        "flake-parts": "flake-parts",
        "nixpkgs": "nixpkgs",
        "systems": "systems",
        "treefmt-nix": "treefmt-nix"
      },
      "locked": {
        "lastModified": 1784145926,
        "narHash": "sha256-oE+nduYAxJvHP8LxI2urS3dAt3WEqtuw3yDtSwtyfNk=",
        "owner": "numtide",
        "repo": "llm-agents.nix",
        "rev": "bbc1f5e3780ad590289ba8566a741730251336ff",
        "type": "github"
      },
      "original": {
        "owner": "numtide",
        "repo": "llm-agents.nix",
        "type": "github"
      }
    },
    "mattpocock-skills": {
      "flake": false,
      "locked": {
        "lastModified": 1784053942,
        "narHash": "sha256-uPkA26EPyB5uHsZ9uL/xFFNcuMWkPdq6srmIrazxlNA=",
        "owner": "mattpocock",
        "repo": "skills",
        "rev": "e9fcdf95b402d360f90f1db8d776d5dd450f9234",
        "type": "github"
      },
      "original": {
        "owner": "mattpocock",
        "repo": "skills",
        "type": "github"
      }
    },
    "nix-darwin": {
      "inputs": {
        "nixpkgs": [
          "nixpkgs"
        ]
      },
      "locked": {
        "lastModified": 1783395956,
        "narHash": "sha256-AAbexQvDoK+6GFJdhY6kqjA+6ECKRkidgWxkn4gMwAA=",
        "owner": "nix-darwin",
        "repo": "nix-darwin",
        "rev": "d5bd9cd77aea4c0a8f49e7fd85545671a208ed15",
        "type": "github"
      },
      "original": {
        "owner": "nix-darwin",
        "ref": "master",
        "repo": "nix-darwin",
        "type": "github"
      }
    },
    "nixpkgs": {
      "locked": {
        "lastModified": 1783816212,
        "narHash": "sha256-2aZisVTVGSFEk3MYcOiWQp3zvwyzbqpktB69Rcfp150=",
        "owner": "NixOS",
        "repo": "nixpkgs",
        "rev": "3b32825de172d0bc85664f495edb096b10862524",
        "type": "github"
      },
      "original": {
        "owner": "NixOS",
        "ref": "nixpkgs-unstable",
        "repo": "nixpkgs",
        "type": "github"
      }
    },
    "nixpkgs_2": {
      "locked": {
        "lastModified": 1783915482,
        "narHash": "sha256-FmieJB8/OUvNxbkboi7+IGfIuSXY3nF/hZQm8kD0r50=",
        "owner": "NixOS",
        "repo": "nixpkgs",
        "rev": "6cdc7fc76e8bf7fde9fa43a849fcaaa70e230dee",
        "type": "github"
      },
      "original": {
        "owner": "NixOS",
        "ref": "nixpkgs-unstable",
        "repo": "nixpkgs",
        "type": "github"
      }
    },
    "root": {
      "inputs": {
        "agent-browser": "agent-browser",
        "agent-skills": "agent-skills",
        "anthropic-skills": "anthropic-skills",
        "herdr-skill": "herdr-skill",
        "home-manager": "home-manager",
        "llm-agents": "llm-agents",
        "mattpocock-skills": "mattpocock-skills",
        "nix-darwin": "nix-darwin",
        "nixpkgs": "nixpkgs_2",
        "vercel-agent-skills": "vercel-agent-skills",
        "vercel-next-skills": "vercel-next-skills",
        "vercel-skills": "vercel-skills"
      }
    },
    "systems": {
      "locked": {
        "lastModified": 1681028828,
        "narHash": "sha256-Vy1rq5AaRuLzOxct8nz4T6wlgyUR7zLU309k9mBC768=",
        "owner": "nix-systems",
        "repo": "default",
        "rev": "da67096a3b9bf56a91d16901293e51ba5b49a27e",
        "type": "github"
      },
      "original": {
        "owner": "nix-systems",
        "repo": "default",
        "type": "github"
      }
    },
    "treefmt-nix": {
      "inputs": {
        "nixpkgs": [
          "llm-agents",
          "nixpkgs"
        ]
      },
      "locked": {
        "lastModified": 1780220602,
        "narHash": "sha256-eynAfOmbmxJnkp7YewvCEbShNnnYJ9gLLqkzsYtBPeM=",
        "owner": "numtide",
        "repo": "treefmt-nix",
        "rev": "db947814a175b7ca6ded66e21383d938df01c227",
        "type": "github"
      },
      "original": {
        "owner": "numtide",
        "repo": "treefmt-nix",
        "type": "github"
      }
    },
    "vercel-agent-skills": {
      "flake": false,
      "locked": {
        "lastModified": 1781126507,
        "narHash": "sha256-LSFC0Zxc4Lgisu5/r6qBF1R0X36hePkVPfbvbx48YdY=",
        "owner": "vercel-labs",
        "repo": "agent-skills",
        "rev": "f8a72b9603728bb92a217a879b7e62e43ad76c81",
        "type": "github"
      },
      "original": {
        "owner": "vercel-labs",
        "repo": "agent-skills",
        "type": "github"
      }
    },
    "vercel-next-skills": {
      "flake": false,
      "locked": {
        "lastModified": 1782174821,
        "narHash": "sha256-ntz4DzUm1xWHPPwGBvjH3Jb4udgnyT4+/b1HD2BLvXI=",
        "owner": "vercel-labs",
        "repo": "next-skills",
        "rev": "b76d687cf3e026eac3b1032f610f06b47a56377c",
        "type": "github"
      },
      "original": {
        "owner": "vercel-labs",
        "repo": "next-skills",
        "type": "github"
      }
    },
    "vercel-skills": {
      "flake": false,
      "locked": {
        "lastModified": 1784150154,
        "narHash": "sha256-b9jf4uiEkmMAp/k/+585/e/l+ursMo2YQX4H0sCig2k=",
        "owner": "vercel-labs",
        "repo": "skills",
        "rev": "6b0f6fe56ac1e8c8fddc49f1a780076184c0c039",
        "type": "github"
      },
      "original": {
        "owner": "vercel-labs",
        "repo": "skills",
        "type": "github"
      }
    }
  },
  "root": "root",
  "version": 7
}
