{
  "nodes": {
    "agent-browser": {
      "flake": false,
      "locked": {
        "lastModified": 1784479863,
        "narHash": "sha256-AhihapiVW2ZbJFw6qis9S+WonjI3fK/DVClbYbeagco=",
        "owner": "vercel-labs",
        "repo": "agent-browser",
        "rev": "81c336c1c20b80ac648e0416a7b6e0c0ae7878bb",
        "type": "github"
      },
      "original": {
        "owner": "vercel-labs",
        "repo": "agent-browser",
        "type": "github"
      }
    },
    "agent-skills": {
      "inputs": {
        "home-manager": [
          "home-manager"
        ],
        "nixpkgs": [
          "nixpkgs"
        ]
      },
      "locked": {
        "lastModified": 1783839654,
        "narHash": "sha256-rn5DkeQ9PBaJTZl9juBtPnVawyN4B83tyz1VpiinQFo=",
        "owner": "Kyure-A",
        "repo": "agent-skills-nix",
        "rev": "8326df98cf494dc515db99affa9ea9d2bd6666b6",
        "type": "github"
      },
      "original": {
        "owner": "Kyure-A",
        "repo": "agent-skills-nix",
        "type": "github"
      }
    },
    "anthropic-skills": {
      "flake": false,
      "locked": {
        "lastModified": 1784256457,
        "narHash": "sha256-QZ+zJkyLd/42rxgtJEZSUOz9R75Tse6UXW7G0nOkFS8=",
        "owner": "anthropics",
        "repo": "skills",
        "rev": "fa0fa64bdc967915dc8399e803be67759e1e62b8",
        "type": "github"
      },
      "original": {
        "owner": "anthropics",
        "repo": "skills",
        "type": "github"
      }
    },
    "bun2nix": {
      "inputs": {
        "flake-parts": [
          "llm-agents",
          "flake-parts"
        ],
        "nixpkgs": [
          "llm-agents",
          "nixpkgs"
        ],
        "systems": [
          "llm-agents",
          "systems"
        ],
        "treefmt-nix": [
          "llm-agents",
          "treefmt-nix"
        ]
      },
      "locked": {
        "lastModified": 1782772816,
        "narHash": "sha256-s9BuFv0mRuZx9C1MF8qPHRdcAK14ONi0A5m6E2wqOoM=",
        "owner": "nix-community",
        "repo": "bun2nix",
        "rev": "5a39d717029e94163ac223aee8d5c9946cafed1c",
        "type": "github"
      },
      "original": {
        "owner": "nix-community",
        "repo": "bun2nix",
        "type": "github"
      }
    },
    "flake-parts": {
      "inputs": {
        "nixpkgs-lib": [
          "llm-agents",
          "nixpkgs"
        ]
      },
      "locked": {
        "lastModified": 1782949081,
        "narHash": "sha256-vp6Y/Grm98ESt6ceOkWiHWyZRDV3J1RID4w+6NWK9yA=",
        "owner": "hercules-ci",
        "repo": "flake-parts",
        "rev": "17c9d6cdfc60c64f4ee8d306f9bc0b4ccb51481e",
        "type": "github"
      },
      "original": {
        "owner": "hercules-ci",
        "repo": "flake-parts",
        "type": "github"
      }
    },
    "herdr-skill": {
      "flake": false,
      "locked": {
        "lastModified": 1784494567,
        "narHash": "sha256-/kEy1MVBWE3DSwcBn8NTf3Djm2829kt4xoovfRIxYJo=",
        "owner": "ogulcancelik",
        "repo": "herdr",
        "rev": "3f80947678a9723434aa7fddfe23750b5393e24c",
        "type": "github"
      },
      "original": {
        "owner": "ogulcancelik",
        "repo": "herdr",
        "type": "github"
      }
    },
    "home-manager": {
      "inputs": {
        "nixpkgs": [
          "nixpkgs"
        ]
      },
      "locked": {
        "lastModified": 1784489491,
        "narHash": "sha256-j9maqjx1T8+ljAVntAdSI5hSGCm77QNZz64JF1rJNu0=",
        "owner": "nix-community",
        "repo": "home-manager",
        "rev": "3139deb8cafbe73b39b24451255b2fdd3426077e",
        "type": "github"
      },
      "original": {
        "owner": "nix-community",
        "repo": "home-manager",
        "type": "github"
      }
    },
    "llm-agents": {
      "inputs": {
        "bun2nix": "bun2nix",
        "flake-parts": "flake-parts",
        "nixpkgs": "nixpkgs",
        "systems": "systems",
        "treefmt-nix": "treefmt-nix"
      },
      "locked": {
        "lastModified": 1784489668,
        "narHash": "sha256-6YRwGAPuwtCxEGe6rqUdkWIBanVgkCLmvOc0HBNrPsc=",
        "owner": "numtide",
        "repo": "llm-agents.nix",
        "rev": "0081aa9366465668e321372e4b2047bf01116a97",
        "type": "github"
      },
      "original": {
        "owner": "numtide",
        "repo": "llm-agents.nix",
        "type": "github"
      }
    },
    "mattpocock-skills": {
      "flake": false,
      "locked": {
        "lastModified": 1784192592,
        "narHash": "sha256-S6pARK99oGGSi6XdFm6zYKHT4gjOCN0wIPZFcl1hREE=",
        "owner": "mattpocock",
        "repo": "skills",
        "rev": "9603c1cc8118d08bc1b3bf34cf714f62178dea3b",
        "type": "github"
      },
      "original": {
        "owner": "mattpocock",
        "repo": "skills",
        "type": "github"
      }
    },
    "nix-darwin": {
      "inputs": {
        "nixpkgs": [
          "nixpkgs"
        ]
      },
      "locked": {
        "lastModified": 1784362797,
        "narHash": "sha256-EP9b9b+OXDxHBPefFwMYCIaLq0fn3UkmrbfzbLUT7kQ=",
        "owner": "nix-darwin",
        "repo": "nix-darwin",
        "rev": "b4cccbd4bc299c1f71ae185b79c3cf99aa82805c",
        "type": "github"
      },
      "original": {
        "owner": "nix-darwin",
        "ref": "master",
        "repo": "nix-darwin",
        "type": "github"
      }
    },
    "nixpkgs": {
      "locked": {
        "lastModified": 1784453100,
        "narHash": "sha256-zpGZb8FYui+i8KLtC0nlcmb0voR2zB80Qn8pe7lzIbk=",
        "owner": "NixOS",
        "repo": "nixpkgs",
        "rev": "b471514bed69eff5255c8e63c1f80e5fe56c616f",
        "type": "github"
      },
      "original": {
        "owner": "NixOS",
        "ref": "nixpkgs-unstable",
        "repo": "nixpkgs",
        "type": "github"
      }
    },
    "nixpkgs_2": {
      "locked": {
        "lastModified": 1784453100,
        "narHash": "sha256-zpGZb8FYui+i8KLtC0nlcmb0voR2zB80Qn8pe7lzIbk=",
        "owner": "NixOS",
        "repo": "nixpkgs",
        "rev": "b471514bed69eff5255c8e63c1f80e5fe56c616f",
        "type": "github"
      },
      "original": {
        "owner": "NixOS",
        "ref": "nixpkgs-unstable",
        "repo": "nixpkgs",
        "type": "github"
      }
    },
    "root": {
      "inputs": {
        "agent-browser": "agent-browser",
        "agent-skills": "agent-skills",
        "anthropic-skills": "anthropic-skills",
        "herdr-skill": "herdr-skill",
        "home-manager": "home-manager",
        "llm-agents": "llm-agents",
        "mattpocock-skills": "mattpocock-skills",
        "nix-darwin": "nix-darwin",
        "nixpkgs": "nixpkgs_2",
        "vercel-agent-skills": "vercel-agent-skills",
        "vercel-next-skills": "vercel-next-skills",
        "vercel-skills": "vercel-skills"
      }
    },
    "systems": {
      "locked": {
        "lastModified": 1681028828,
        "narHash": "sha256-Vy1rq5AaRuLzOxct8nz4T6wlgyUR7zLU309k9mBC768=",
        "owner": "nix-systems",
        "repo": "default",
        "rev": "da67096a3b9bf56a91d16901293e51ba5b49a27e",
        "type": "github"
      },
      "original": {
        "owner": "nix-systems",
        "repo": "default",
        "type": "github"
      }
    },
    "treefmt-nix": {
      "inputs": {
        "nixpkgs": [
          "llm-agents",
          "nixpkgs"
        ]
      },
      "locked": {
        "lastModified": 1784369104,
        "narHash": "sha256-47cxbcZODibHv3rELFQ9vZly0vUNkND/atn/U7HLeb0=",
        "owner": "numtide",
        "repo": "treefmt-nix",
        "rev": "df3c0640565d04a0261253cdd89fce78ec50168a",
        "type": "github"
      },
      "original": {
        "owner": "numtide",
        "repo": "treefmt-nix",
        "type": "github"
      }
    },
    "vercel-agent-skills": {
      "flake": false,
      "locked": {
        "lastModified": 1781126507,
        "narHash": "sha256-LSFC0Zxc4Lgisu5/r6qBF1R0X36hePkVPfbvbx48YdY=",
        "owner": "vercel-labs",
        "repo": "agent-skills",
        "rev": "f8a72b9603728bb92a217a879b7e62e43ad76c81",
        "type": "github"
      },
      "original": {
        "owner": "vercel-labs",
        "repo": "agent-skills",
        "type": "github"
      }
    },
    "vercel-next-skills": {
      "flake": false,
      "locked": {
        "lastModified": 1782174821,
        "narHash": "sha256-ntz4DzUm1xWHPPwGBvjH3Jb4udgnyT4+/b1HD2BLvXI=",
        "owner": "vercel-labs",
        "repo": "next-skills",
        "rev": "b76d687cf3e026eac3b1032f610f06b47a56377c",
        "type": "github"
      },
      "original": {
        "owner": "vercel-labs",
        "repo": "next-skills",
        "type": "github"
      }
    },
    "vercel-skills": {
      "flake": false,
      "locked": {
        "lastModified": 1784224436,
        "narHash": "sha256-lxf2ODxgwin83JHRrDynMccTFtCo+tYFb053XrS1IqA=",
        "owner": "vercel-labs",
        "repo": "skills",
        "rev": "777599e1159e401b11ce4c8a57c20f09a8f1596e",
        "type": "github"
      },
      "original": {
        "owner": "vercel-labs",
        "repo": "skills",
        "type": "github"
      }
    }
  },
  "root": "root",
  "version": 7
}
