{
  "nodes": {
    "agent-browser": {
      "flake": false,
      "locked": {
        "lastModified": 1786403026,
        "narHash": "sha256-UdCBSe7w0ZgJimB7ixGcaabJjH3m6O0vB1SV9n9apfE=",
        "owner": "vercel-labs",
        "repo": "agent-browser",
        "rev": "548b159b30eef119ccf6846c8bc807d0eaa3f6f8",
        "type": "github"
      },
      "original": {
        "owner": "vercel-labs",
        "repo": "agent-browser",
        "type": "github"
      }
    },
    "agent-skills": {
      "inputs": {
        "blueprint": "blueprint",
        "home-manager": [
          "home-manager"
        ],
        "nixpkgs": [
          "nixpkgs"
        ]
      },
      "locked": {
        "lastModified": 1786379373,
        "narHash": "sha256-zrvcpGFA8zG6yRLBqQH9bNkJap8xMvLNvkuT4+7w6X8=",
        "owner": "Kyure-A",
        "repo": "agent-skills-nix",
        "rev": "1594ba479be81a7cb6dd19faabefcb1ed5b3f964",
        "type": "github"
      },
      "original": {
        "owner": "Kyure-A",
        "repo": "agent-skills-nix",
        "type": "github"
      }
    },
    "anthropic-skills": {
      "flake": false,
      "locked": {
        "lastModified": 1786122854,
        "narHash": "sha256-vTqAu8eRY+8ymbf065SWHHjNX/li3SOR+sWq1npteTM=",
        "owner": "anthropics",
        "repo": "skills",
        "rev": "f17010c9bb483898c1d9c9f42dde2b3a98889434",
        "type": "github"
      },
      "original": {
        "owner": "anthropics",
        "repo": "skills",
        "type": "github"
      }
    },
    "ast-grep-skill": {
      "flake": false,
      "locked": {
        "lastModified": 1783087819,
        "narHash": "sha256-awochSE2OupbsmaGx0xc7wHf0ovVMSdtHv4gZAGWOus=",
        "owner": "ast-grep",
        "repo": "claude-skill",
        "rev": "c2a9bc154f4ffe08b25d28d5e852dfac8c0d0d8a",
        "type": "github"
      },
      "original": {
        "owner": "ast-grep",
        "repo": "claude-skill",
        "type": "github"
      }
    },
    "blueprint": {
      "inputs": {
        "nixpkgs": [
          "agent-skills",
          "nixpkgs"
        ],
        "systems": "systems"
      },
      "locked": {
        "lastModified": 1776249299,
        "narHash": "sha256-Dt9t1TGRmJFc0xVYhttNBD6QsAgHOHCArqGa0AyjrJY=",
        "owner": "numtide",
        "repo": "blueprint",
        "rev": "56131e8628f173d24a27f6d27c0215eff57e40dd",
        "type": "github"
      },
      "original": {
        "owner": "numtide",
        "repo": "blueprint",
        "type": "github"
      }
    },
    "bun2nix": {
      "inputs": {
        "flake-parts": [
          "llm-agents",
          "flake-parts"
        ],
        "nixpkgs": [
          "llm-agents",
          "nixpkgs"
        ],
        "systems": [
          "llm-agents",
          "systems"
        ],
        "treefmt-nix": [
          "llm-agents",
          "treefmt-nix"
        ]
      },
      "locked": {
        "lastModified": 1784665499,
        "narHash": "sha256-9BMxlTxCCDAeoNLtb1a/st7udtTIJep+wpUzquA29VU=",
        "owner": "nix-community",
        "repo": "bun2nix",
        "rev": "0f2a1f0b6f42cebe3b149bf62d38754c5e0e9729",
        "type": "github"
      },
      "original": {
        "owner": "nix-community",
        "repo": "bun2nix",
        "type": "github"
      }
    },
    "flake-parts": {
      "inputs": {
        "nixpkgs-lib": [
          "llm-agents",
          "nixpkgs"
        ]
      },
      "locked": {
        "lastModified": 1785627969,
        "narHash": "sha256-4dtXQk/NMePegK/nWp5NSeuZKLATItOq61lpEvmXqGw=",
        "owner": "hercules-ci",
        "repo": "flake-parts",
        "rev": "427bf4bd9435fdf21321c8cc628c24efc14c0f7a",
        "type": "github"
      },
      "original": {
        "owner": "hercules-ci",
        "repo": "flake-parts",
        "type": "github"
      }
    },
    "herdr-skill": {
      "flake": false,
      "locked": {
        "lastModified": 1786564579,
        "narHash": "sha256-q+v1hBKyZomGr6PNVrlRdLdkPP4/Kdkl9RqVpJukMoA=",
        "owner": "ogulcancelik",
        "repo": "herdr",
        "rev": "49e333ae87a57952fc82ba479a55c35b975ff3cc",
        "type": "github"
      },
      "original": {
        "owner": "ogulcancelik",
        "repo": "herdr",
        "type": "github"
      }
    },
    "home-manager": {
      "inputs": {
        "nixpkgs": [
          "nixpkgs"
        ]
      },
      "locked": {
        "lastModified": 1786356609,
        "narHash": "sha256-ou8fYz5w9yhXC8YbvvExybFIa19MyW5G/8dEPqa90hM=",
        "owner": "nix-community",
        "repo": "home-manager",
        "rev": "c30c7955cec30d664a9baced6bc0112e263d4647",
        "type": "github"
      },
      "original": {
        "owner": "nix-community",
        "repo": "home-manager",
        "type": "github"
      }
    },
    "llm-agents": {
      "inputs": {
        "bun2nix": "bun2nix",
        "flake-parts": "flake-parts",
        "nixpkgs": "nixpkgs",
        "systems": "systems_2",
        "treefmt-nix": "treefmt-nix"
      },
      "locked": {
        "lastModified": 1786570034,
        "narHash": "sha256-2ralLAyJiagNWB4lHbmMv+0rS54q2DFs7ZDgbmCGVt4=",
        "owner": "numtide",
        "repo": "llm-agents.nix",
        "rev": "30f05fceadd806d184cc0dcddc6bfebcfee87a9c",
        "type": "github"
      },
      "original": {
        "owner": "numtide",
        "repo": "llm-agents.nix",
        "type": "github"
      }
    },
    "mattpocock-skills": {
      "flake": false,
      "locked": {
        "lastModified": 1786045791,
        "narHash": "sha256-pseSJJb5nBBGPzpxA1GzjGLB9OrT+u0At1saJ4NqZ1E=",
        "owner": "mattpocock",
        "repo": "skills",
        "rev": "84fdeffd12f2ee307994d1eb6feb48173b6e0502",
        "type": "github"
      },
      "original": {
        "owner": "mattpocock",
        "repo": "skills",
        "type": "github"
      }
    },
    "nix-darwin": {
      "inputs": {
        "nixpkgs": [
          "nixpkgs"
        ]
      },
      "locked": {
        "lastModified": 1785389976,
        "narHash": "sha256-0tLW8Ff5yt8AH97jw4ZpFJ0OCJ122zIlgWGDmOfU/VU=",
        "owner": "nix-darwin",
        "repo": "nix-darwin",
        "rev": "15abb8c98f336cd8bd840d71059adebabe60bf04",
        "type": "github"
      },
      "original": {
        "owner": "nix-darwin",
        "ref": "master",
        "repo": "nix-darwin",
        "type": "github"
      }
    },
    "nixpkgs": {
      "locked": {
        "lastModified": 1786410043,
        "narHash": "sha256-JTbODJPDcd3d8U7lO4MVUU3Yo0jz2KQSAHXka+IWBEo=",
        "owner": "NixOS",
        "repo": "nixpkgs",
        "rev": "8e2eeb9477c9d40009a5bd51cd3eef2f5abb26f1",
        "type": "github"
      },
      "original": {
        "owner": "NixOS",
        "ref": "nixpkgs-unstable",
        "repo": "nixpkgs",
        "type": "github"
      }
    },
    "nixpkgs_2": {
      "locked": {
        "lastModified": 1786098110,
        "narHash": "sha256-shi1tjDhCGGd0kIgVPNY03V8NBWSTzhMSFDb7IqSoec=",
        "owner": "NixOS",
        "repo": "nixpkgs",
        "rev": "afb4584a80bbf779ce0f691509ff902d188c2b3d",
        "type": "github"
      },
      "original": {
        "owner": "NixOS",
        "ref": "nixpkgs-unstable",
        "repo": "nixpkgs",
        "type": "github"
      }
    },
    "root": {
      "inputs": {
        "agent-browser": "agent-browser",
        "agent-skills": "agent-skills",
        "anthropic-skills": "anthropic-skills",
        "ast-grep-skill": "ast-grep-skill",
        "herdr-skill": "herdr-skill",
        "home-manager": "home-manager",
        "llm-agents": "llm-agents",
        "mattpocock-skills": "mattpocock-skills",
        "nix-darwin": "nix-darwin",
        "nixpkgs": "nixpkgs_2",
        "vercel-agent-skills": "vercel-agent-skills",
        "vercel-next-skills": "vercel-next-skills",
        "vercel-skills": "vercel-skills"
      }
    },
    "systems": {
      "locked": {
        "lastModified": 1681028828,
        "narHash": "sha256-Vy1rq5AaRuLzOxct8nz4T6wlgyUR7zLU309k9mBC768=",
        "owner": "nix-systems",
        "repo": "default",
        "rev": "da67096a3b9bf56a91d16901293e51ba5b49a27e",
        "type": "github"
      },
      "original": {
        "owner": "nix-systems",
        "repo": "default",
        "type": "github"
      }
    },
    "systems_2": {
      "locked": {
        "lastModified": 1681028828,
        "narHash": "sha256-Vy1rq5AaRuLzOxct8nz4T6wlgyUR7zLU309k9mBC768=",
        "owner": "nix-systems",
        "repo": "default",
        "rev": "da67096a3b9bf56a91d16901293e51ba5b49a27e",
        "type": "github"
      },
      "original": {
        "owner": "nix-systems",
        "repo": "default",
        "type": "github"
      }
    },
    "treefmt-nix": {
      "inputs": {
        "nixpkgs": [
          "llm-agents",
          "nixpkgs"
        ]
      },
      "locked": {
        "lastModified": 1785945821,
        "narHash": "sha256-NLSyTCW4K4ofhNBllt3omPasm6QpralXH1DBZOc91Dw=",
        "owner": "numtide",
        "repo": "treefmt-nix",
        "rev": "ae7910970dddc408fe6ab1c8e4b277bb21d72dc0",
        "type": "github"
      },
      "original": {
        "owner": "numtide",
        "repo": "treefmt-nix",
        "type": "github"
      }
    },
    "vercel-agent-skills": {
      "flake": false,
      "locked": {
        "lastModified": 1786536810,
        "narHash": "sha256-McF7KAswDpkX0FtjFX7vOva8YwQTFwxewjYhueQgtIA=",
        "owner": "vercel-labs",
        "repo": "agent-skills",
        "rev": "b8caa260a420a73042e35521de4b5c8baf6446cc",
        "type": "github"
      },
      "original": {
        "owner": "vercel-labs",
        "repo": "agent-skills",
        "type": "github"
      }
    },
    "vercel-next-skills": {
      "flake": false,
      "locked": {
        "lastModified": 1785787604,
        "narHash": "sha256-Vm5CXoVjBKmWykEnoPcGlVDgt9j1kNdhjbA4+GwBPEA=",
        "owner": "vercel",
        "repo": "next.js",
        "rev": "d73f5622e226358dcef8cf7a8a373333ff265ae7",
        "type": "github"
      },
      "original": {
        "owner": "vercel",
        "ref": "v16.3.0",
        "repo": "next.js",
        "type": "github"
      }
    },
    "vercel-skills": {
      "flake": false,
      "locked": {
        "lastModified": 1786383100,
        "narHash": "sha256-ysEI0AfD360OBRSKX+5HX60DCo0gM0eiuUkpfMIqZOg=",
        "owner": "vercel-labs",
        "repo": "skills",
        "rev": "c6f69c631292444cc541ac6d91e2226b0ff247da",
        "type": "github"
      },
      "original": {
        "owner": "vercel-labs",
        "repo": "skills",
        "type": "github"
      }
    }
  },
  "root": "root",
  "version": 7
}
